
Microsoft Visual Studio Solution File, Format Version 12.00
# Visual Studio Version 17
VisualStudioVersion = 17.2.32526.322
MinimumVisualStudioVersion = 10.0.40219.1
Project("{FAE04EC0-301F-11D3-BF4B-00C04F79EFBC}") = "image001", "image001\image001.csproj", "{495CE394-5E51-4B49-A4BE-B5C2BAF89685}"
EndProject
Global
	GlobalSection(SolutionConfigurationPlatforms) = preSolution
		Debug|Any CPU = Debug|Any CPU
		Release|Any CPU = Release|Any CPU
	EndGlobalSection
	GlobalSection(ProjectConfigurationPlatforms) = postSolution
		{495CE394-5E51-4B49-A4BE-B5C2BAF89685}.Debug|Any CPU.ActiveCfg = Debug|Any CPU
		{495CE394-5E51-4B49-A4BE-B5C2BAF89685}.Debug|Any CPU.Build.0 = Debug|Any CPU
		{495CE394-5E51-4B49-A4BE-B5C2BAF89685}.Release|Any CPU.ActiveCfg = Release|Any CPU
		{495CE394-5E51-4B49-A4BE-B5C2BAF89685}.Release|Any CPU.Build.0 = Release|Any CPU
	EndGlobalSection
	GlobalSection(SolutionProperties) = preSolution
		HideSolutionNode = FALSE
	EndGlobalSection
	GlobalSection(ExtensibilityGlobals) = postSolution
		SolutionGuid = {B23CB5AD-ED33-46E5-9D6B-C78A1CDB8387}
	EndGlobalSection
EndGlobal
